
Microsoft Visual Studio Solution File, Format Version 12.00
# Visual Studio Version 17
VisualStudioVersion = 17.0.31912.275
MinimumVisualStudioVersion = 10.0.40219.1
Project("{FAE04EC0-301F-11D3-BF4B-00C04F79EFBC}") = "PreAcademyF_Week6.Demo", "PreAcademyF_Week6.Demo\PreAcademyF_Week6.Demo.csproj", "{7FFD85B0-264A-4E43-BCEB-BEE19FDA2F0D}"
EndProject
Project("{FAE04EC0-301F-11D3-BF4B-00C04F79EFBC}") = "ProgettoDiProva", "ProgettoDiProva\ProgettoDiProva.csproj", "{147516C9-72C0-41B0-AAC6-BC77A2241721}"
EndProject
Project("{FAE04EC0-301F-11D3-BF4B-00C04F79EFBC}") = "PreAcademyF_Week6.Azienda", "PreAcademyF_Week6.Azienda\PreAcademyF_Week6.Azienda.csproj", "{F90B78C5-065A-4617-8CC0-3F67AA5F864A}"
EndProject
Global
	GlobalSection(SolutionConfigurationPlatforms) = preSolution
		Debug|Any CPU = Debug|Any CPU
		Release|Any CPU = Release|Any CPU
	EndGlobalSection
	GlobalSection(ProjectConfigurationPlatforms) = postSolution
		{7FFD85B0-264A-4E43-BCEB-BEE19FDA2F0D}.Debug|Any CPU.ActiveCfg = Debug|Any CPU
		{7FFD85B0-264A-4E43-BCEB-BEE19FDA2F0D}.Debug|Any CPU.Build.0 = Debug|Any CPU
		{7FFD85B0-264A-4E43-BCEB-BEE19FDA2F0D}.Release|Any CPU.ActiveCfg = Release|Any CPU
		{7FFD85B0-264A-4E43-BCEB-BEE19FDA2F0D}.Release|Any CPU.Build.0 = Release|Any CPU
		{147516C9-72C0-41B0-AAC6-BC77A2241721}.Debug|Any CPU.ActiveCfg = Debug|Any CPU
		{147516C9-72C0-41B0-AAC6-BC77A2241721}.Debug|Any CPU.Build.0 = Debug|Any CPU
		{147516C9-72C0-41B0-AAC6-BC77A2241721}.Release|Any CPU.ActiveCfg = Release|Any CPU
		{147516C9-72C0-41B0-AAC6-BC77A2241721}.Release|Any CPU.Build.0 = Release|Any CPU
		{F90B78C5-065A-4617-8CC0-3F67AA5F864A}.Debug|Any CPU.ActiveCfg = Debug|Any CPU
		{F90B78C5-065A-4617-8CC0-3F67AA5F864A}.Debug|Any CPU.Build.0 = Debug|Any CPU
		{F90B78C5-065A-4617-8CC0-3F67AA5F864A}.Release|Any CPU.ActiveCfg = Release|Any CPU
		{F90B78C5-065A-4617-8CC0-3F67AA5F864A}.Release|Any CPU.Build.0 = Release|Any CPU
	EndGlobalSection
	GlobalSection(SolutionProperties) = preSolution
		HideSolutionNode = FALSE
	EndGlobalSection
	GlobalSection(ExtensibilityGlobals) = postSolution
		SolutionGuid = {5C3FBD2E-D960-411D-A343-2DAFAF376D43}
	EndGlobalSection
EndGlobal
